
Microsoft Visual Studio Solution File, Format Version 12.00
# Visual Studio 15
VisualStudioVersion = 15.0.28307.271
MinimumVisualStudioVersion = 10.0.40219.1
Project("{FAE04EC0-301F-11D3-BF4B-00C04F79EFBC}") = "NCBlogApp", "NCBlogApp\NCBlogApp.csproj", "{A1D329FC-D4CA-4795-AD84-5F7766B46F62}"
EndProject
Global
	GlobalSection(SolutionConfigurationPlatforms) = preSolution
		Debug|Any CPU = Debug|Any CPU
		Release|Any CPU = Release|Any CPU
	EndGlobalSection
	GlobalSection(ProjectConfigurationPlatforms) = postSolution
		{A1D329FC-D4CA-4795-AD84-5F7766B46F62}.Debug|Any CPU.ActiveCfg = Debug|Any CPU
		{A1D329FC-D4CA-4795-AD84-5F7766B46F62}.Debug|Any CPU.Build.0 = Debug|Any CPU
		{A1D329FC-D4CA-4795-AD84-5F7766B46F62}.Release|Any CPU.ActiveCfg = Release|Any CPU
		{A1D329FC-D4CA-4795-AD84-5F7766B46F62}.Release|Any CPU.Build.0 = Release|Any CPU
	EndGlobalSection
	GlobalSection(SolutionProperties) = preSolution
		HideSolutionNode = FALSE
	EndGlobalSection
	GlobalSection(ExtensibilityGlobals) = postSolution
		SolutionGuid = {B1265BA6-C4D4-403C-BAA2-53161FC17B0A}
	EndGlobalSection
EndGlobal
